
Microsoft Visual Studio Solution File, Format Version 12.00
# Visual Studio Version 17
VisualStudioVersion = 17.10.35013.160
MinimumVisualStudioVersion = 10.0.40219.1
Project("{FAE04EC0-301F-11D3-BF4B-00C04F79EFBC}") = "01_HellowWorld", "01_HellowWorld\01_HellowWorld.csproj", "{F9441892-0663-48BF-B5B1-AE40CE663D0E}"
EndProject
Project("{FAE04EC0-301F-11D3-BF4B-00C04F79EFBC}") = "02_Variables", "02_Variables\02_Variables.csproj", "{C5AC1C37-E755-4CE7-9151-4E5215DD5814}"
EndProject
Project("{FAE04EC0-301F-11D3-BF4B-00C04F79EFBC}") = "03_ScoreCalculator", "03_ScoreCalculator\03_ScoreCalculator.csproj", "{75BD8B64-94DB-421C-A2A7-26EB6718B28A}"
EndProject
Global
	GlobalSection(SolutionConfigurationPlatforms) = preSolution
		Debug|Any CPU = Debug|Any CPU
		Release|Any CPU = Release|Any CPU
	EndGlobalSection
	GlobalSection(ProjectConfigurationPlatforms) = postSolution
		{F9441892-0663-48BF-B5B1-AE40CE663D0E}.Debug|Any CPU.ActiveCfg = Debug|Any CPU
		{F9441892-0663-48BF-B5B1-AE40CE663D0E}.Debug|Any CPU.Build.0 = Debug|Any CPU
		{F9441892-0663-48BF-B5B1-AE40CE663D0E}.Release|Any CPU.ActiveCfg = Release|Any CPU
		{F9441892-0663-48BF-B5B1-AE40CE663D0E}.Release|Any CPU.Build.0 = Release|Any CPU
		{C5AC1C37-E755-4CE7-9151-4E5215DD5814}.Debug|Any CPU.ActiveCfg = Debug|Any CPU
		{C5AC1C37-E755-4CE7-9151-4E5215DD5814}.Debug|Any CPU.Build.0 = Debug|Any CPU
		{C5AC1C37-E755-4CE7-9151-4E5215DD5814}.Release|Any CPU.ActiveCfg = Release|Any CPU
		{C5AC1C37-E755-4CE7-9151-4E5215DD5814}.Release|Any CPU.Build.0 = Release|Any CPU
		{75BD8B64-94DB-421C-A2A7-26EB6718B28A}.Debug|Any CPU.ActiveCfg = Debug|Any CPU
		{75BD8B64-94DB-421C-A2A7-26EB6718B28A}.Debug|Any CPU.Build.0 = Debug|Any CPU
		{75BD8B64-94DB-421C-A2A7-26EB6718B28A}.Release|Any CPU.ActiveCfg = Release|Any CPU
		{75BD8B64-94DB-421C-A2A7-26EB6718B28A}.Release|Any CPU.Build.0 = Release|Any CPU
	EndGlobalSection
	GlobalSection(SolutionProperties) = preSolution
		HideSolutionNode = FALSE
	EndGlobalSection
	GlobalSection(ExtensibilityGlobals) = postSolution
		SolutionGuid = {5D4D0690-0BB2-4A0B-9D37-322832BD0A29}
	EndGlobalSection
EndGlobal
